# This file is autogenerated, do not edit; changes may be undone by the next 'dep ensure'.


[[projects]]
  branch = "master"
  name = "github.com/andreipimenov/goto"
  packages = ["config"]
  revision = "16b8e303727f2f9a94daca395ad8e1c8d198ed44"

[[projects]]
  name = "github.com/go-chi/chi"
  packages = [
    ".",
    "middleware"
  ]
  revision = "e83ac2304db3c50cf03d96a2fcd39009d458bc35"
  version = "v3.3.2"

[solve-meta]
  analyzer-name = "dep"
  analyzer-version = 1
  inputs-digest = "fbaf4fc5873a54d080a70dfc1aa827fd65a311a05958d0c8a0138ece49bbc06e"
  solver-name = "gps-cdcl"
  solver-version = 1
